
Microsoft Visual Studio Solution File, Format Version 12.00
# Visual Studio Version 16
VisualStudioVersion = 16.0.30114.105
MinimumVisualStudioVersion = 10.0.40219.1
Project("{2150E333-8FDC-42A3-9474-1A3956D46DE8}") = "src", "src", "{3E6D2694-8F20-47A8-9C0D-F8FE609F1D25}"
EndProject
Project("{2150E333-8FDC-42A3-9474-1A3956D46DE8}") = "tests", "tests", "{EE658D2A-FE1D-493B-9727-77A1670BF040}"
EndProject
Project("{2150E333-8FDC-42A3-9474-1A3956D46DE8}") = "API", "API", "{40C14603-29F3-47F1-BBC3-7BB80E0450A3}"
EndProject
Project("{2150E333-8FDC-42A3-9474-1A3956D46DE8}") = "Core", "Core", "{9EE00B37-288C-420F-8914-D6F548017355}"
EndProject
Project("{2150E333-8FDC-42A3-9474-1A3956D46DE8}") = "UI", "UI", "{42FD5344-FFEF-43A6-A806-97CF0D6AA612}"
EndProject
Project("{2150E333-8FDC-42A3-9474-1A3956D46DE8}") = "Infraestructure", "Infraestructure", "{4FB8338F-41A8-4D55-BD8A-0C9391436363}"
EndProject
Project("{9A19103F-16F7-4668-BE54-9A1E7A4F7556}") = "Clean.WebAPI", "Clean.WebAPI\Clean.WebAPI.csproj", "{C703F867-2A8E-4171-9498-19DC5CBF1CE2}"
EndProject
Project("{9A19103F-16F7-4668-BE54-9A1E7A4F7556}") = "Clean.Core.Application", "Clean.Core.Application\Clean.Core.Application.csproj", "{D8524A51-EBEE-4FDE-81FD-FED8FD17FDA5}"
EndProject
Project("{9A19103F-16F7-4668-BE54-9A1E7A4F7556}") = "Clean.Core.Domain", "Clean.Core.Domain\Clean.Core.Domain.csproj", "{F3CA42B3-93BE-4740-9D77-F35CCD2B589D}"
EndProject
Project("{9A19103F-16F7-4668-BE54-9A1E7A4F7556}") = "Clean.Infraestructure", "Clean.Infraestructure\Clean.Infraestructure.csproj", "{658E7AE9-D993-4FEC-9C35-291948645350}"
EndProject
Project("{9A19103F-16F7-4668-BE54-9A1E7A4F7556}") = "Clean.Infraestructure.Identity", "Clean.Infraestructure.Identity\Clean.Infraestructure.Identity.csproj", "{310423CF-55CD-4F35-A77D-853C98CDEEFD}"
EndProject
Project("{9A19103F-16F7-4668-BE54-9A1E7A4F7556}") = "Clean.Infraestructure.Persistence", "Clean.Infraestructure.Persistence\Clean.Infraestructure.Persistence.csproj", "{6C94307C-544C-4D38-8210-4B74531AC2C2}"
EndProject
Project("{9A19103F-16F7-4668-BE54-9A1E7A4F7556}") = "Clean.Tests.UnitTests", "..\tests\Clean.Tests.UnitTests\Clean.Tests.UnitTests.csproj", "{D6D2AB89-3E7D-4B9E-B7F6-F30F089B6FD2}"
EndProject
Project("{9A19103F-16F7-4668-BE54-9A1E7A4F7556}") = "Clean.Tests.IntegrationTests", "..\tests\Clean.Tests.IntegrationTests\Clean.Tests.IntegrationTests.csproj", "{90158A45-6797-4239-821A-C61E253F75B1}"
EndProject
Global
	GlobalSection(SolutionConfigurationPlatforms) = preSolution
		Debug|Any CPU = Debug|Any CPU
		Debug|x64 = Debug|x64
		Debug|x86 = Debug|x86
		Release|Any CPU = Release|Any CPU
		Release|x64 = Release|x64
		Release|x86 = Release|x86
	EndGlobalSection
	GlobalSection(ProjectConfigurationPlatforms) = postSolution
		{C703F867-2A8E-4171-9498-19DC5CBF1CE2}.Debug|Any CPU.ActiveCfg = Debug|Any CPU
		{C703F867-2A8E-4171-9498-19DC5CBF1CE2}.Debug|Any CPU.Build.0 = Debug|Any CPU
		{C703F867-2A8E-4171-9498-19DC5CBF1CE2}.Debug|x64.ActiveCfg = Debug|Any CPU
		{C703F867-2A8E-4171-9498-19DC5CBF1CE2}.Debug|x64.Build.0 = Debug|Any CPU
		{C703F867-2A8E-4171-9498-19DC5CBF1CE2}.Debug|x86.ActiveCfg = Debug|Any CPU
		{C703F867-2A8E-4171-9498-19DC5CBF1CE2}.Debug|x86.Build.0 = Debug|Any CPU
		{C703F867-2A8E-4171-9498-19DC5CBF1CE2}.Release|Any CPU.ActiveCfg = Release|Any CPU
		{C703F867-2A8E-4171-9498-19DC5CBF1CE2}.Release|Any CPU.Build.0 = Release|Any CPU
		{C703F867-2A8E-4171-9498-19DC5CBF1CE2}.Release|x64.ActiveCfg = Release|Any CPU
		{C703F867-2A8E-4171-9498-19DC5CBF1CE2}.Release|x64.Build.0 = Release|Any CPU
		{C703F867-2A8E-4171-9498-19DC5CBF1CE2}.Release|x86.ActiveCfg = Release|Any CPU
		{C703F867-2A8E-4171-9498-19DC5CBF1CE2}.Release|x86.Build.0 = Release|Any CPU
		{D8524A51-EBEE-4FDE-81FD-FED8FD17FDA5}.Debug|Any CPU.ActiveCfg = Debug|Any CPU
		{D8524A51-EBEE-4FDE-81FD-FED8FD17FDA5}.Debug|Any CPU.Build.0 = Debug|Any CPU
		{D8524A51-EBEE-4FDE-81FD-FED8FD17FDA5}.Debug|x64.ActiveCfg = Debug|Any CPU
		{D8524A51-EBEE-4FDE-81FD-FED8FD17FDA5}.Debug|x64.Build.0 = Debug|Any CPU
		{D8524A51-EBEE-4FDE-81FD-FED8FD17FDA5}.Debug|x86.ActiveCfg = Debug|Any CPU
		{D8524A51-EBEE-4FDE-81FD-FED8FD17FDA5}.Debug|x86.Build.0 = Debug|Any CPU
		{D8524A51-EBEE-4FDE-81FD-FED8FD17FDA5}.Release|Any CPU.ActiveCfg = Release|Any CPU
		{D8524A51-EBEE-4FDE-81FD-FED8FD17FDA5}.Release|Any CPU.Build.0 = Release|Any CPU
		{D8524A51-EBEE-4FDE-81FD-FED8FD17FDA5}.Release|x64.ActiveCfg = Release|Any CPU
		{D8524A51-EBEE-4FDE-81FD-FED8FD17FDA5}.Release|x64.Build.0 = Release|Any CPU
		{D8524A51-EBEE-4FDE-81FD-FED8FD17FDA5}.Release|x86.ActiveCfg = Release|Any CPU
		{D8524A51-EBEE-4FDE-81FD-FED8FD17FDA5}.Release|x86.Build.0 = Release|Any CPU
		{F3CA42B3-93BE-4740-9D77-F35CCD2B589D}.Debug|Any CPU.ActiveCfg = Debug|Any CPU
		{F3CA42B3-93BE-4740-9D77-F35CCD2B589D}.Debug|Any CPU.Build.0 = Debug|Any CPU
		{F3CA42B3-93BE-4740-9D77-F35CCD2B589D}.Debug|x64.ActiveCfg = Debug|Any CPU
		{F3CA42B3-93BE-4740-9D77-F35CCD2B589D}.Debug|x64.Build.0 = Debug|Any CPU
		{F3CA42B3-93BE-4740-9D77-F35CCD2B589D}.Debug|x86.ActiveCfg = Debug|Any CPU
		{F3CA42B3-93BE-4740-9D77-F35CCD2B589D}.Debug|x86.Build.0 = Debug|Any CPU
		{F3CA42B3-93BE-4740-9D77-F35CCD2B589D}.Release|Any CPU.ActiveCfg = Release|Any CPU
		{F3CA42B3-93BE-4740-9D77-F35CCD2B589D}.Release|Any CPU.Build.0 = Release|Any CPU
		{F3CA42B3-93BE-4740-9D77-F35CCD2B589D}.Release|x64.ActiveCfg = Release|Any CPU
		{F3CA42B3-93BE-4740-9D77-F35CCD2B589D}.Release|x64.Build.0 = Release|Any CPU
		{F3CA42B3-93BE-4740-9D77-F35CCD2B589D}.Release|x86.ActiveCfg = Release|Any CPU
		{F3CA42B3-93BE-4740-9D77-F35CCD2B589D}.Release|x86.Build.0 = Release|Any CPU
		{658E7AE9-D993-4FEC-9C35-291948645350}.Debug|Any CPU.ActiveCfg = Debug|Any CPU
		{658E7AE9-D993-4FEC-9C35-291948645350}.Debug|Any CPU.Build.0 = Debug|Any CPU
		{658E7AE9-D993-4FEC-9C35-291948645350}.Debug|x64.ActiveCfg = Debug|Any CPU
		{658E7AE9-D993-4FEC-9C35-291948645350}.Debug|x64.Build.0 = Debug|Any CPU
		{658E7AE9-D993-4FEC-9C35-291948645350}.Debug|x86.ActiveCfg = Debug|Any CPU
		{658E7AE9-D993-4FEC-9C35-291948645350}.Debug|x86.Build.0 = Debug|Any CPU
		{658E7AE9-D993-4FEC-9C35-291948645350}.Release|Any CPU.ActiveCfg = Release|Any CPU
		{658E7AE9-D993-4FEC-9C35-291948645350}.Release|Any CPU.Build.0 = Release|Any CPU
		{658E7AE9-D993-4FEC-9C35-291948645350}.Release|x64.ActiveCfg = Release|Any CPU
		{658E7AE9-D993-4FEC-9C35-291948645350}.Release|x64.Build.0 = Release|Any CPU
		{658E7AE9-D993-4FEC-9C35-291948645350}.Release|x86.ActiveCfg = Release|Any CPU
		{658E7AE9-D993-4FEC-9C35-291948645350}.Release|x86.Build.0 = Release|Any CPU
		{310423CF-55CD-4F35-A77D-853C98CDEEFD}.Debug|Any CPU.ActiveCfg = Debug|Any CPU
		{310423CF-55CD-4F35-A77D-853C98CDEEFD}.Debug|Any CPU.Build.0 = Debug|Any CPU
		{310423CF-55CD-4F35-A77D-853C98CDEEFD}.Debug|x64.ActiveCfg = Debug|Any CPU
		{310423CF-55CD-4F35-A77D-853C98CDEEFD}.Debug|x64.Build.0 = Debug|Any CPU
		{310423CF-55CD-4F35-A77D-853C98CDEEFD}.Debug|x86.ActiveCfg = Debug|Any CPU
		{310423CF-55CD-4F35-A77D-853C98CDEEFD}.Debug|x86.Build.0 = Debug|Any CPU
		{310423CF-55CD-4F35-A77D-853C98CDEEFD}.Release|Any CPU.ActiveCfg = Release|Any CPU
		{310423CF-55CD-4F35-A77D-853C98CDEEFD}.Release|Any CPU.Build.0 = Release|Any CPU
		{310423CF-55CD-4F35-A77D-853C98CDEEFD}.Release|x64.ActiveCfg = Release|Any CPU
		{310423CF-55CD-4F35-A77D-853C98CDEEFD}.Release|x64.Build.0 = Release|Any CPU
		{310423CF-55CD-4F35-A77D-853C98CDEEFD}.Release|x86.ActiveCfg = Release|Any CPU
		{310423CF-55CD-4F35-A77D-853C98CDEEFD}.Release|x86.Build.0 = Release|Any CPU
		{6C94307C-544C-4D38-8210-4B74531AC2C2}.Debug|Any CPU.ActiveCfg = Debug|Any CPU
		{6C94307C-544C-4D38-8210-4B74531AC2C2}.Debug|Any CPU.Build.0 = Debug|Any CPU
		{6C94307C-544C-4D38-8210-4B74531AC2C2}.Debug|x64.ActiveCfg = Debug|Any CPU
		{6C94307C-544C-4D38-8210-4B74531AC2C2}.Debug|x64.Build.0 = Debug|Any CPU
		{6C94307C-544C-4D38-8210-4B74531AC2C2}.Debug|x86.ActiveCfg = Debug|Any CPU
		{6C94307C-544C-4D38-8210-4B74531AC2C2}.Debug|x86.Build.0 = Debug|Any CPU
		{6C94307C-544C-4D38-8210-4B74531AC2C2}.Release|Any CPU.ActiveCfg = Release|Any CPU
		{6C94307C-544C-4D38-8210-4B74531AC2C2}.Release|Any CPU.Build.0 = Release|Any CPU
		{6C94307C-544C-4D38-8210-4B74531AC2C2}.Release|x64.ActiveCfg = Release|Any CPU
		{6C94307C-544C-4D38-8210-4B74531AC2C2}.Release|x64.Build.0 = Release|Any CPU
		{6C94307C-544C-4D38-8210-4B74531AC2C2}.Release|x86.ActiveCfg = Release|Any CPU
		{6C94307C-544C-4D38-8210-4B74531AC2C2}.Release|x86.Build.0 = Release|Any CPU
		{D6D2AB89-3E7D-4B9E-B7F6-F30F089B6FD2}.Debug|Any CPU.ActiveCfg = Debug|Any CPU
		{D6D2AB89-3E7D-4B9E-B7F6-F30F089B6FD2}.Debug|Any CPU.Build.0 = Debug|Any CPU
		{D6D2AB89-3E7D-4B9E-B7F6-F30F089B6FD2}.Debug|x64.ActiveCfg = Debug|Any CPU
		{D6D2AB89-3E7D-4B9E-B7F6-F30F089B6FD2}.Debug|x64.Build.0 = Debug|Any CPU
		{D6D2AB89-3E7D-4B9E-B7F6-F30F089B6FD2}.Debug|x86.ActiveCfg = Debug|Any CPU
		{D6D2AB89-3E7D-4B9E-B7F6-F30F089B6FD2}.Debug|x86.Build.0 = Debug|Any CPU
		{D6D2AB89-3E7D-4B9E-B7F6-F30F089B6FD2}.Release|Any CPU.ActiveCfg = Release|Any CPU
		{D6D2AB89-3E7D-4B9E-B7F6-F30F089B6FD2}.Release|Any CPU.Build.0 = Release|Any CPU
		{D6D2AB89-3E7D-4B9E-B7F6-F30F089B6FD2}.Release|x64.ActiveCfg = Release|Any CPU
		{D6D2AB89-3E7D-4B9E-B7F6-F30F089B6FD2}.Release|x64.Build.0 = Release|Any CPU
		{D6D2AB89-3E7D-4B9E-B7F6-F30F089B6FD2}.Release|x86.ActiveCfg = Release|Any CPU
		{D6D2AB89-3E7D-4B9E-B7F6-F30F089B6FD2}.Release|x86.Build.0 = Release|Any CPU
		{90158A45-6797-4239-821A-C61E253F75B1}.Debug|Any CPU.ActiveCfg = Debug|Any CPU
		{90158A45-6797-4239-821A-C61E253F75B1}.Debug|Any CPU.Build.0 = Debug|Any CPU
		{90158A45-6797-4239-821A-C61E253F75B1}.Debug|x64.ActiveCfg = Debug|Any CPU
		{90158A45-6797-4239-821A-C61E253F75B1}.Debug|x64.Build.0 = Debug|Any CPU
		{90158A45-6797-4239-821A-C61E253F75B1}.Debug|x86.ActiveCfg = Debug|Any CPU
		{90158A45-6797-4239-821A-C61E253F75B1}.Debug|x86.Build.0 = Debug|Any CPU
		{90158A45-6797-4239-821A-C61E253F75B1}.Release|Any CPU.ActiveCfg = Release|Any CPU
		{90158A45-6797-4239-821A-C61E253F75B1}.Release|Any CPU.Build.0 = Release|Any CPU
		{90158A45-6797-4239-821A-C61E253F75B1}.Release|x64.ActiveCfg = Release|Any CPU
		{90158A45-6797-4239-821A-C61E253F75B1}.Release|x64.Build.0 = Release|Any CPU
		{90158A45-6797-4239-821A-C61E253F75B1}.Release|x86.ActiveCfg = Release|Any CPU
		{90158A45-6797-4239-821A-C61E253F75B1}.Release|x86.Build.0 = Release|Any CPU
	EndGlobalSection
	GlobalSection(SolutionProperties) = preSolution
		HideSolutionNode = FALSE
	EndGlobalSection
	GlobalSection(NestedProjects) = preSolution
		{40C14603-29F3-47F1-BBC3-7BB80E0450A3} = {3E6D2694-8F20-47A8-9C0D-F8FE609F1D25}
		{9EE00B37-288C-420F-8914-D6F548017355} = {3E6D2694-8F20-47A8-9C0D-F8FE609F1D25}
		{42FD5344-FFEF-43A6-A806-97CF0D6AA612} = {3E6D2694-8F20-47A8-9C0D-F8FE609F1D25}
		{4FB8338F-41A8-4D55-BD8A-0C9391436363} = {3E6D2694-8F20-47A8-9C0D-F8FE609F1D25}
		{C703F867-2A8E-4171-9498-19DC5CBF1CE2} = {40C14603-29F3-47F1-BBC3-7BB80E0450A3}
		{D8524A51-EBEE-4FDE-81FD-FED8FD17FDA5} = {9EE00B37-288C-420F-8914-D6F548017355}
		{F3CA42B3-93BE-4740-9D77-F35CCD2B589D} = {9EE00B37-288C-420F-8914-D6F548017355}
		{658E7AE9-D993-4FEC-9C35-291948645350} = {4FB8338F-41A8-4D55-BD8A-0C9391436363}
		{310423CF-55CD-4F35-A77D-853C98CDEEFD} = {4FB8338F-41A8-4D55-BD8A-0C9391436363}
		{6C94307C-544C-4D38-8210-4B74531AC2C2} = {4FB8338F-41A8-4D55-BD8A-0C9391436363}
		{D6D2AB89-3E7D-4B9E-B7F6-F30F089B6FD2} = {EE658D2A-FE1D-493B-9727-77A1670BF040}
		{90158A45-6797-4239-821A-C61E253F75B1} = {EE658D2A-FE1D-493B-9727-77A1670BF040}
	EndGlobalSection
	GlobalSection(ExtensibilityGlobals) = postSolution
		SolutionGuid = {1B5C66E8-7090-4A12-8922-317B988826D9}
	EndGlobalSection
EndGlobal
